
Microsoft Visual Studio Solution File, Format Version 12.00
# Visual Studio Version 17
VisualStudioVersion = 17.4.33213.308
MinimumVisualStudioVersion = 10.0.40219.1
Project("{FAE04EC0-301F-11D3-BF4B-00C04F79EFBC}") = "MockDB", "MockDB.csproj", "{A386BFEE-9409-44D0-86CC-C7FF4D894F1D}"
EndProject
Project("{FAE04EC0-301F-11D3-BF4B-00C04F79EFBC}") = "MockDB.Tests", "..\MockDB.Tests\MockDB.Tests.csproj", "{4568E9F9-6EB7-4310-A52C-63AC1076790B}"
EndProject
Global
	GlobalSection(SolutionConfigurationPlatforms) = preSolution
		Debug|Any CPU = Debug|Any CPU
		Release|Any CPU = Release|Any CPU
	EndGlobalSection
	GlobalSection(ProjectConfigurationPlatforms) = postSolution
		{A386BFEE-9409-44D0-86CC-C7FF4D894F1D}.Debug|Any CPU.ActiveCfg = Debug|Any CPU
		{A386BFEE-9409-44D0-86CC-C7FF4D894F1D}.Debug|Any CPU.Build.0 = Debug|Any CPU
		{A386BFEE-9409-44D0-86CC-C7FF4D894F1D}.Release|Any CPU.ActiveCfg = Release|Any CPU
		{A386BFEE-9409-44D0-86CC-C7FF4D894F1D}.Release|Any CPU.Build.0 = Release|Any CPU
		{4568E9F9-6EB7-4310-A52C-63AC1076790B}.Debug|Any CPU.ActiveCfg = Debug|Any CPU
		{4568E9F9-6EB7-4310-A52C-63AC1076790B}.Debug|Any CPU.Build.0 = Debug|Any CPU
		{4568E9F9-6EB7-4310-A52C-63AC1076790B}.Release|Any CPU.ActiveCfg = Release|Any CPU
		{4568E9F9-6EB7-4310-A52C-63AC1076790B}.Release|Any CPU.Build.0 = Release|Any CPU
	EndGlobalSection
	GlobalSection(SolutionProperties) = preSolution
		HideSolutionNode = FALSE
	EndGlobalSection
	GlobalSection(ExtensibilityGlobals) = postSolution
		SolutionGuid = {EBBD677E-ED1E-435B-A09F-435A833CCEBF}
	EndGlobalSection
EndGlobal
